
Microsoft Visual Studio Solution File, Format Version 12.00
# Visual Studio Version 17
VisualStudioVersion = 17.0.32014.148
MinimumVisualStudioVersion = 10.0.40219.1
Project("{FAE04EC0-301F-11D3-BF4B-00C04F79EFBC}") = "Prática 3 - Lista Encadeada", "Prática 3 - Lista Encadeada\Prática 3 - Lista Encadeada.csproj", "{E1BE8BBD-9BB3-4CBE-B8BB-59A22280041F}"
EndProject
Global
	GlobalSection(SolutionConfigurationPlatforms) = preSolution
		Debug|Any CPU = Debug|Any CPU
		Release|Any CPU = Release|Any CPU
	EndGlobalSection
	GlobalSection(ProjectConfigurationPlatforms) = postSolution
		{E1BE8BBD-9BB3-4CBE-B8BB-59A22280041F}.Debug|Any CPU.ActiveCfg = Debug|Any CPU
		{E1BE8BBD-9BB3-4CBE-B8BB-59A22280041F}.Debug|Any CPU.Build.0 = Debug|Any CPU
		{E1BE8BBD-9BB3-4CBE-B8BB-59A22280041F}.Release|Any CPU.ActiveCfg = Release|Any CPU
		{E1BE8BBD-9BB3-4CBE-B8BB-59A22280041F}.Release|Any CPU.Build.0 = Release|Any CPU
	EndGlobalSection
	GlobalSection(SolutionProperties) = preSolution
		HideSolutionNode = FALSE
	EndGlobalSection
	GlobalSection(ExtensibilityGlobals) = postSolution
		SolutionGuid = {50F642D0-9C96-43EF-B528-3FAA3CA00C31}
	EndGlobalSection
EndGlobal
